
Microsoft Visual Studio Solution File, Format Version 12.00
# Visual Studio Version 17
VisualStudioVersion = 17.9.34714.143
MinimumVisualStudioVersion = 10.0.40219.1
Project("{FAE04EC0-301F-11D3-BF4B-00C04F79EFBC}") = "LetsTalk", "LetsTalk\LetsTalk.csproj", "{E85E2632-7753-46B0-89E1-B319FD7BE72E}"
EndProject
Project("{9A19103F-16F7-4668-BE54-9A1E7A4F7556}") = "LetsTalk.Core", "LetsTalk.Core\LetsTalk.Core.csproj", "{785DF29E-54BF-40DF-B41F-A6B7DBC6AF58}"
EndProject
Project("{9A19103F-16F7-4668-BE54-9A1E7A4F7556}") = "AutoRegisterSourceGen", "SourceGenerators\AutoRegisterSourceGen\AutoRegisterSourceGen\AutoRegisterSourceGen.csproj", "{8D17E8E6-F1E5-4912-96A4-93D75C20F3F2}"
EndProject
Global
	GlobalSection(SolutionConfigurationPlatforms) = preSolution
		Debug|Any CPU = Debug|Any CPU
		Debug|ARM = Debug|ARM
		Debug|ARM64 = Debug|ARM64
		Debug|x64 = Debug|x64
		Debug|x86 = Debug|x86
		Release|Any CPU = Release|Any CPU
		Release|ARM = Release|ARM
		Release|ARM64 = Release|ARM64
		Release|x64 = Release|x64
		Release|x86 = Release|x86
	EndGlobalSection
	GlobalSection(ProjectConfigurationPlatforms) = postSolution
		{E85E2632-7753-46B0-89E1-B319FD7BE72E}.Debug|Any CPU.ActiveCfg = Debug|x64
		{E85E2632-7753-46B0-89E1-B319FD7BE72E}.Debug|Any CPU.Build.0 = Debug|x64
		{E85E2632-7753-46B0-89E1-B319FD7BE72E}.Debug|Any CPU.Deploy.0 = Debug|x64
		{E85E2632-7753-46B0-89E1-B319FD7BE72E}.Debug|ARM.ActiveCfg = Debug|ARM
		{E85E2632-7753-46B0-89E1-B319FD7BE72E}.Debug|ARM.Build.0 = Debug|ARM
		{E85E2632-7753-46B0-89E1-B319FD7BE72E}.Debug|ARM.Deploy.0 = Debug|ARM
		{E85E2632-7753-46B0-89E1-B319FD7BE72E}.Debug|ARM64.ActiveCfg = Debug|ARM64
		{E85E2632-7753-46B0-89E1-B319FD7BE72E}.Debug|ARM64.Build.0 = Debug|ARM64
		{E85E2632-7753-46B0-89E1-B319FD7BE72E}.Debug|ARM64.Deploy.0 = Debug|ARM64
		{E85E2632-7753-46B0-89E1-B319FD7BE72E}.Debug|x64.ActiveCfg = Debug|x64
		{E85E2632-7753-46B0-89E1-B319FD7BE72E}.Debug|x64.Build.0 = Debug|x64
		{E85E2632-7753-46B0-89E1-B319FD7BE72E}.Debug|x64.Deploy.0 = Debug|x64
		{E85E2632-7753-46B0-89E1-B319FD7BE72E}.Debug|x86.ActiveCfg = Debug|x86
		{E85E2632-7753-46B0-89E1-B319FD7BE72E}.Debug|x86.Build.0 = Debug|x86
		{E85E2632-7753-46B0-89E1-B319FD7BE72E}.Debug|x86.Deploy.0 = Debug|x86
		{E85E2632-7753-46B0-89E1-B319FD7BE72E}.Release|Any CPU.ActiveCfg = Release|x64
		{E85E2632-7753-46B0-89E1-B319FD7BE72E}.Release|Any CPU.Build.0 = Release|x64
		{E85E2632-7753-46B0-89E1-B319FD7BE72E}.Release|Any CPU.Deploy.0 = Release|x64
		{E85E2632-7753-46B0-89E1-B319FD7BE72E}.Release|ARM.ActiveCfg = Release|ARM
		{E85E2632-7753-46B0-89E1-B319FD7BE72E}.Release|ARM.Build.0 = Release|ARM
		{E85E2632-7753-46B0-89E1-B319FD7BE72E}.Release|ARM.Deploy.0 = Release|ARM
		{E85E2632-7753-46B0-89E1-B319FD7BE72E}.Release|ARM64.ActiveCfg = Release|ARM64
		{E85E2632-7753-46B0-89E1-B319FD7BE72E}.Release|ARM64.Build.0 = Release|ARM64
		{E85E2632-7753-46B0-89E1-B319FD7BE72E}.Release|ARM64.Deploy.0 = Release|ARM64
		{E85E2632-7753-46B0-89E1-B319FD7BE72E}.Release|x64.ActiveCfg = Release|x64
		{E85E2632-7753-46B0-89E1-B319FD7BE72E}.Release|x64.Build.0 = Release|x64
		{E85E2632-7753-46B0-89E1-B319FD7BE72E}.Release|x64.Deploy.0 = Release|x64
		{E85E2632-7753-46B0-89E1-B319FD7BE72E}.Release|x86.ActiveCfg = Release|x86
		{E85E2632-7753-46B0-89E1-B319FD7BE72E}.Release|x86.Build.0 = Release|x86
		{E85E2632-7753-46B0-89E1-B319FD7BE72E}.Release|x86.Deploy.0 = Release|x86
		{785DF29E-54BF-40DF-B41F-A6B7DBC6AF58}.Debug|Any CPU.ActiveCfg = Debug|Any CPU
		{785DF29E-54BF-40DF-B41F-A6B7DBC6AF58}.Debug|Any CPU.Build.0 = Debug|Any CPU
		{785DF29E-54BF-40DF-B41F-A6B7DBC6AF58}.Debug|ARM.ActiveCfg = Debug|Any CPU
		{785DF29E-54BF-40DF-B41F-A6B7DBC6AF58}.Debug|ARM.Build.0 = Debug|Any CPU
		{785DF29E-54BF-40DF-B41F-A6B7DBC6AF58}.Debug|ARM64.ActiveCfg = Debug|Any CPU
		{785DF29E-54BF-40DF-B41F-A6B7DBC6AF58}.Debug|ARM64.Build.0 = Debug|Any CPU
		{785DF29E-54BF-40DF-B41F-A6B7DBC6AF58}.Debug|x64.ActiveCfg = Debug|Any CPU
		{785DF29E-54BF-40DF-B41F-A6B7DBC6AF58}.Debug|x64.Build.0 = Debug|Any CPU
		{785DF29E-54BF-40DF-B41F-A6B7DBC6AF58}.Debug|x86.ActiveCfg = Debug|Any CPU
		{785DF29E-54BF-40DF-B41F-A6B7DBC6AF58}.Debug|x86.Build.0 = Debug|Any CPU
		{785DF29E-54BF-40DF-B41F-A6B7DBC6AF58}.Release|Any CPU.ActiveCfg = Release|Any CPU
		{785DF29E-54BF-40DF-B41F-A6B7DBC6AF58}.Release|Any CPU.Build.0 = Release|Any CPU
		{785DF29E-54BF-40DF-B41F-A6B7DBC6AF58}.Release|ARM.ActiveCfg = Release|Any CPU
		{785DF29E-54BF-40DF-B41F-A6B7DBC6AF58}.Release|ARM.Build.0 = Release|Any CPU
		{785DF29E-54BF-40DF-B41F-A6B7DBC6AF58}.Release|ARM64.ActiveCfg = Release|Any CPU
		{785DF29E-54BF-40DF-B41F-A6B7DBC6AF58}.Release|ARM64.Build.0 = Release|Any CPU
		{785DF29E-54BF-40DF-B41F-A6B7DBC6AF58}.Release|x64.ActiveCfg = Release|Any CPU
		{785DF29E-54BF-40DF-B41F-A6B7DBC6AF58}.Release|x64.Build.0 = Release|Any CPU
		{785DF29E-54BF-40DF-B41F-A6B7DBC6AF58}.Release|x86.ActiveCfg = Release|Any CPU
		{785DF29E-54BF-40DF-B41F-A6B7DBC6AF58}.Release|x86.Build.0 = Release|Any CPU
		{8D17E8E6-F1E5-4912-96A4-93D75C20F3F2}.Debug|Any CPU.ActiveCfg = Debug|Any CPU
		{8D17E8E6-F1E5-4912-96A4-93D75C20F3F2}.Debug|Any CPU.Build.0 = Debug|Any CPU
		{8D17E8E6-F1E5-4912-96A4-93D75C20F3F2}.Debug|ARM.ActiveCfg = Debug|Any CPU
		{8D17E8E6-F1E5-4912-96A4-93D75C20F3F2}.Debug|ARM.Build.0 = Debug|Any CPU
		{8D17E8E6-F1E5-4912-96A4-93D75C20F3F2}.Debug|ARM64.ActiveCfg = Debug|Any CPU
		{8D17E8E6-F1E5-4912-96A4-93D75C20F3F2}.Debug|ARM64.Build.0 = Debug|Any CPU
		{8D17E8E6-F1E5-4912-96A4-93D75C20F3F2}.Debug|x64.ActiveCfg = Debug|Any CPU
		{8D17E8E6-F1E5-4912-96A4-93D75C20F3F2}.Debug|x64.Build.0 = Debug|Any CPU
		{8D17E8E6-F1E5-4912-96A4-93D75C20F3F2}.Debug|x86.ActiveCfg = Debug|Any CPU
		{8D17E8E6-F1E5-4912-96A4-93D75C20F3F2}.Debug|x86.Build.0 = Debug|Any CPU
		{8D17E8E6-F1E5-4912-96A4-93D75C20F3F2}.Release|Any CPU.ActiveCfg = Release|Any CPU
		{8D17E8E6-F1E5-4912-96A4-93D75C20F3F2}.Release|Any CPU.Build.0 = Release|Any CPU
		{8D17E8E6-F1E5-4912-96A4-93D75C20F3F2}.Release|ARM.ActiveCfg = Release|Any CPU
		{8D17E8E6-F1E5-4912-96A4-93D75C20F3F2}.Release|ARM.Build.0 = Release|Any CPU
		{8D17E8E6-F1E5-4912-96A4-93D75C20F3F2}.Release|ARM64.ActiveCfg = Release|Any CPU
		{8D17E8E6-F1E5-4912-96A4-93D75C20F3F2}.Release|ARM64.Build.0 = Release|Any CPU
		{8D17E8E6-F1E5-4912-96A4-93D75C20F3F2}.Release|x64.ActiveCfg = Release|Any CPU
		{8D17E8E6-F1E5-4912-96A4-93D75C20F3F2}.Release|x64.Build.0 = Release|Any CPU
		{8D17E8E6-F1E5-4912-96A4-93D75C20F3F2}.Release|x86.ActiveCfg = Release|Any CPU
		{8D17E8E6-F1E5-4912-96A4-93D75C20F3F2}.Release|x86.Build.0 = Release|Any CPU
	EndGlobalSection
	GlobalSection(SolutionProperties) = preSolution
		HideSolutionNode = FALSE
	EndGlobalSection
	GlobalSection(ExtensibilityGlobals) = postSolution
		SolutionGuid = {FB2A69BA-21B9-4827-82CB-E39B5AD604C9}
	EndGlobalSection
EndGlobal
